PODS:
  - AFNetworking (3.2.1):
    - AFNetworking/NSURLSession (= 3.2.1)
    - AFNetworking/Reachability (= 3.2.1)
    - AFNetworking/Security (= 3.2.1)
    - AFNetworking/Serialization (= 3.2.1)
    - AFNetworking/UIKit (= 3.2.1)
  - AFNetworking/NSURLSession (3.2.1):
    - AFNetworking/Reachability
    - AFNetworking/Security
    - AFNetworking/Serialization
  - AFNetworking/Reachability (3.2.1)
  - AFNetworking/Security (3.2.1)
  - AFNetworking/Serialization (3.2.1)
  - AFNetworking/UIKit (3.2.1):
    - AFNetworking/NSURLSession
  - Flurry-iOS-SDK/FlurryAds (9.3.1):
    - Flurry-iOS-SDK/FlurrySDK
  - Flurry-iOS-SDK/FlurrySDK (9.3.1)

DEPENDENCIES:
  - AFNetworking (~> 3.1)
  - Flurry-iOS-SDK/FlurryAds
  - Flurry-iOS-SDK/FlurrySDK

SPEC REPOS:
  https://github.com/cocoapods/specs.git:
    - AFNetworking
    - Flurry-iOS-SDK

SPEC CHECKSUMS:
  AFNetworking: b6f891fdfaed196b46c7a83cf209e09697b94057
  Flurry-iOS-SDK: 5d782d740c5e95389c327d38245b3db4bb471fd7

PODFILE CHECKSUM: 0ad5e68e1063cb4ad887251629e1703b88154f52

COCOAPODS: 1.7.5
