// !$*UTF8*$!
{
	archiveVersion = 1;
	classes = {
	};
	objectVersion = 46;
	objects = {

/* Begin PBXBuildFile section */
		24135A421B8284DE00B9F132 /* libFlurryAds_6.7.0.a in Frameworks */ = {isa = PBXBuildFile; fileRef = 24135A411B8284DE00B9F132 /* libFlurryAds_6.7.0.a */; };
		24135A441B8284E700B9F132 /* libFlurry_6.7.0.a in Frameworks */ = {isa = PBXBuildFile; fileRef = 24135A431B8284E700B9F132 /* libFlurry_6.7.0.a */; };
		24135A4F1B82852000B9F132 /* CardCell.m in Sources */ = {isa = PBXBuildFile; fileRef = 24135A461B82852000B9F132 /* CardCell.m */; };
		24135A501B82852000B9F132 /* CardCell.xib in Resources */ = {isa = PBXBuildFile; fileRef = 24135A471B82852000B9F132 /* CardCell.xib */; };
		24135A511B82852000B9F132 /* CardLandscapeCell.xib in Resources */ = {isa = PBXBuildFile; fileRef = 24135A481B82852000B9F132 /* CardLandscapeCell.xib */; };
		24135A521B82852000B9F132 /* CardTableViewController.m in Sources */ = {isa = PBXBuildFile; fileRef = 24135A4A1B82852000B9F132 /* CardTableViewController.m */; };
		24135A531B82852000B9F132 /* FlurryCardCell.m in Sources */ = {isa = PBXBuildFile; fileRef = 24135A4C1B82852000B9F132 /* FlurryCardCell.m */; };
		24135A541B82852000B9F132 /* FlurryCardCell.xib in Resources */ = {isa = PBXBuildFile; fileRef = 24135A4D1B82852000B9F132 /* FlurryCardCell.xib */; };
		24135A551B82852000B9F132 /* FlurryCardLandscapeCell.xib in Resources */ = {isa = PBXBuildFile; fileRef = 24135A4E1B82852000B9F132 /* FlurryCardLandscapeCell.xib */; };
		24135A581B82861900B9F132 /* SWRevealViewController.m in Sources */ = {isa = PBXBuildFile; fileRef = 24135A571B82861900B9F132 /* SWRevealViewController.m */; };
		24135A5B1B82865700B9F132 /* GeminiDemoConfiguration.m in Sources */ = {isa = PBXBuildFile; fileRef = 24135A5A1B82865700B9F132 /* GeminiDemoConfiguration.m */; };
		24135A5D1B8286A400B9F132 /* AVKit.framework in Frameworks */ = {isa = PBXBuildFile; fileRef = 24135A5C1B8286A400B9F132 /* AVKit.framework */; };
		24135A5F1B8286E700B9F132 /* CoreMedia.framework in Frameworks */ = {isa = PBXBuildFile; fileRef = 24135A5E1B8286E700B9F132 /* CoreMedia.framework */; };
		24135A611B8286FB00B9F132 /* AVFoundation.framework in Frameworks */ = {isa = PBXBuildFile; fileRef = 24135A601B8286FB00B9F132 /* AVFoundation.framework */; };
		24135A631B828B0400B9F132 /* GeminiDemoConfiguration.plist in Resources */ = {isa = PBXBuildFile; fileRef = 24135A621B828B0400B9F132 /* GeminiDemoConfiguration.plist */; };
		5B37B0561AD3A57B0087263F /* InfoPlist.strings in Resources */ = {isa = PBXBuildFile; fileRef = 5B37B0541AD3A57B0087263F /* InfoPlist.strings */; };
		5B37B06B1AD4F4C10087263F /* Default-568h@2x.png in Resources */ = {isa = PBXBuildFile; fileRef = 5B37B05D1AD4F4C00087263F /* Default-568h@2x.png */; };
		5B37B06C1AD4F4C10087263F /* Default.png in Resources */ = {isa = PBXBuildFile; fileRef = 5B37B05E1AD4F4C00087263F /* Default.png */; };
		5B37B06D1AD4F4C10087263F /* Default~ipad.png in Resources */ = {isa = PBXBuildFile; fileRef = 5B37B05F1AD4F4C00087263F /* Default~ipad.png */; };
		5B37B06E1AD4F4C10087263F /* Default~iphone.png in Resources */ = {isa = PBXBuildFile; fileRef = 5B37B0601AD4F4C00087263F /* Default~iphone.png */; };
		5B37B06F1AD4F4C10087263F /* flurry-demo-landscape-4s.png in Resources */ = {isa = PBXBuildFile; fileRef = 5B37B0611AD4F4C00087263F /* flurry-demo-landscape-4s.png */; };
		5B37B0701AD4F4C10087263F /* flurry-demo-landscape.png in Resources */ = {isa = PBXBuildFile; fileRef = 5B37B0621AD4F4C10087263F /* flurry-demo-landscape.png */; };
		5B37B0711AD4F4C10087263F /* flurry-demo768-1024.png in Resources */ = {isa = PBXBuildFile; fileRef = 5B37B0631AD4F4C10087263F /* flurry-demo768-1024.png */; };
		5B37B0721AD4F4C10087263F /* flurry-splash-landscape-4s.png in Resources */ = {isa = PBXBuildFile; fileRef = 5B37B0641AD4F4C10087263F /* flurry-splash-landscape-4s.png */; };
		5B37B0731AD4F4C10087263F /* flurry-splash-landscape.png in Resources */ = {isa = PBXBuildFile; fileRef = 5B37B0651AD4F4C10087263F /* flurry-splash-landscape.png */; };
		5B37B0741AD4F4C10087263F /* flurry-splash-landscape1024.png in Resources */ = {isa = PBXBuildFile; fileRef = 5B37B0661AD4F4C10087263F /* flurry-splash-landscape1024.png */; };
		5B37B0751AD4F4C10087263F /* flurry-splash-portrait-4s.png in Resources */ = {isa = PBXBuildFile; fileRef = 5B37B0671AD4F4C10087263F /* flurry-splash-portrait-4s.png */; };
		5B37B0761AD4F4C10087263F /* flurry-splash-portrait.png in Resources */ = {isa = PBXBuildFile; fileRef = 5B37B0681AD4F4C10087263F /* flurry-splash-portrait.png */; };
		5B37B0771AD4F4C10087263F /* flurry-splash-portrait768.png in Resources */ = {isa = PBXBuildFile; fileRef = 5B37B0691AD4F4C10087263F /* flurry-splash-portrait768.png */; };
		5B37B0781AD4F4C10087263F /* flurryicon.png in Resources */ = {isa = PBXBuildFile; fileRef = 5B37B06A1AD4F4C10087263F /* flurryicon.png */; };
		5B4EE1EF19D4AFFD000B698B /* StoreKit.framework in Frameworks */ = {isa = PBXBuildFile; fileRef = 5B4EE1EE19D4AFFD000B698B /* StoreKit.framework */; };
		5B74B7311AD39342003A5C05 /* TakeoverAdSpaceList.plist in Resources */ = {isa = PBXBuildFile; fileRef = 5B74B7221AD39342003A5C05 /* TakeoverAdSpaceList.plist */; };
		5B74B7321AD39342003A5C05 /* StreamAdSpaceList.plist in Resources */ = {isa = PBXBuildFile; fileRef = 5B74B7231AD39342003A5C05 /* StreamAdSpaceList.plist */; };
		5B74B7331AD39342003A5C05 /* main.m in Sources */ = {isa = PBXBuildFile; fileRef = 5B74B7241AD39342003A5C05 /* main.m */; };
		5B74B7341AD39342003A5C05 /* Images.xcassets in Resources */ = {isa = PBXBuildFile; fileRef = 5B74B7251AD39342003A5C05 /* Images.xcassets */; };
		5B74B7351AD39342003A5C05 /* FlurryIntegrationSample-Info.plist in Resources */ = {isa = PBXBuildFile; fileRef = 5B74B7271AD39342003A5C05 /* FlurryIntegrationSample-Info.plist */; };
		5B74B7371AD39342003A5C05 /* Main_iPad.storyboard in Resources */ = {isa = PBXBuildFile; fileRef = 5B74B72C1AD39342003A5C05 /* Main_iPad.storyboard */; };
		5B74B7381AD39342003A5C05 /* Main_iPhone.storyboard in Resources */ = {isa = PBXBuildFile; fileRef = 5B74B72E1AD39342003A5C05 /* Main_iPhone.storyboard */; };
		5B74B7391AD39342003A5C05 /* BannerAdSpaceList.plist in Resources */ = {isa = PBXBuildFile; fileRef = 5B74B7301AD39342003A5C05 /* BannerAdSpaceList.plist */; };
		5B74B7A21AD3A2B4003A5C05 /* TakeoverViewController.m in Sources */ = {isa = PBXBuildFile; fileRef = 5B74B79A1AD3A2B4003A5C05 /* TakeoverViewController.m */; };
		5B74B7A31AD3A2B4003A5C05 /* MasterViewController.m in Sources */ = {isa = PBXBuildFile; fileRef = 5B74B79C1AD3A2B4003A5C05 /* MasterViewController.m */; };
		5B74B7A41AD3A2B4003A5C05 /* BannerViewController.m in Sources */ = {isa = PBXBuildFile; fileRef = 5B74B79E1AD3A2B4003A5C05 /* BannerViewController.m */; };
		5B74B7A51AD3A2B4003A5C05 /* AppDelegate.m in Sources */ = {isa = PBXBuildFile; fileRef = 5B74B7A01AD3A2B4003A5C05 /* AppDelegate.m */; };
		5B74B7C31AD3A2DE003A5C05 /* Utils.m in Sources */ = {isa = PBXBuildFile; fileRef = 5B74B7A61AD3A2DE003A5C05 /* Utils.m */; };
		5B74B7C41AD3A2DE003A5C05 /* StreamTableViewController.m in Sources */ = {isa = PBXBuildFile; fileRef = 5B74B7A81AD3A2DE003A5C05 /* StreamTableViewController.m */; };
		5B74B7C51AD3A2DE003A5C05 /* StreamCell.xib in Resources */ = {isa = PBXBuildFile; fileRef = 5B74B7AA1AD3A2DE003A5C05 /* StreamCell.xib */; };
		5B74B7C61AD3A2DE003A5C05 /* StreamCell.m in Sources */ = {isa = PBXBuildFile; fileRef = 5B74B7AB1AD3A2DE003A5C05 /* StreamCell.m */; };
		5B74B7C71AD3A2DE003A5C05 /* starburst@2x.png in Resources */ = {isa = PBXBuildFile; fileRef = 5B74B7AD1AD3A2DE003A5C05 /* starburst@2x.png */; };
		5B74B7C81AD3A2DE003A5C05 /* starburst.png in Resources */ = {isa = PBXBuildFile; fileRef = 5B74B7AE1AD3A2DE003A5C05 /* starburst.png */; };
		5B74B7C91AD3A2DE003A5C05 /* share_icon@3x.png in Resources */ = {isa = PBXBuildFile; fileRef = 5B74B7AF1AD3A2DE003A5C05 /* share_icon@3x.png */; };
		5B74B7CA1AD3A2DE003A5C05 /* share_icon@2x.png in Resources */ = {isa = PBXBuildFile; fileRef = 5B74B7B01AD3A2DE003A5C05 /* share_icon@2x.png */; };
		5B74B7CB1AD3A2DE003A5C05 /* share_icon.png in Resources */ = {isa = PBXBuildFile; fileRef = 5B74B7B11AD3A2DE003A5C05 /* share_icon.png */; };
		5B74B7CC1AD3A2DE003A5C05 /* NewsItem.m in Sources */ = {isa = PBXBuildFile; fileRef = 5B74B7B21AD3A2DE003A5C05 /* NewsItem.m */; };
		5B74B7CD1AD3A2DE003A5C05 /* NewsDetailViewController.xib in Resources */ = {isa = PBXBuildFile; fileRef = 5B74B7B41AD3A2DE003A5C05 /* NewsDetailViewController.xib */; };
		5B74B7CE1AD3A2DE003A5C05 /* NewsDetailViewController.m in Sources */ = {isa = PBXBuildFile; fileRef = 5B74B7B51AD3A2DE003A5C05 /* NewsDetailViewController.m */; };
		5B74B7CF1AD3A2DE003A5C05 /* Icon@2x.png in Resources */ = {isa = PBXBuildFile; fileRef = 5B74B7B71AD3A2DE003A5C05 /* Icon@2x.png */; };
		5B74B7D01AD3A2DE003A5C05 /* Icon.png in Resources */ = {isa = PBXBuildFile; fileRef = 5B74B7B81AD3A2DE003A5C05 /* Icon.png */; };
		5B74B7D11AD3A2DE003A5C05 /* Icon-80.png in Resources */ = {isa = PBXBuildFile; fileRef = 5B74B7B91AD3A2DE003A5C05 /* Icon-80.png */; };
		5B74B7D21AD3A2DE003A5C05 /* Icon-76@2x.png in Resources */ = {isa = PBXBuildFile; fileRef = 5B74B7BA1AD3A2DE003A5C05 /* Icon-76@2x.png */; };
		5B74B7D31AD3A2DE003A5C05 /* Icon-76.png in Resources */ = {isa = PBXBuildFile; fileRef = 5B74B7BB1AD3A2DE003A5C05 /* Icon-76.png */; };
		5B74B7D41AD3A2DE003A5C05 /* Icon-72@2x.png in Resources */ = {isa = PBXBuildFile; fileRef = 5B74B7BC1AD3A2DE003A5C05 /* Icon-72@2x.png */; };
		5B74B7D51AD3A2DE003A5C05 /* Icon-72.png in Resources */ = {isa = PBXBuildFile; fileRef = 5B74B7BD1AD3A2DE003A5C05 /* Icon-72.png */; };
		5B74B7D61AD3A2DE003A5C05 /* Icon-60@2x.png in Resources */ = {isa = PBXBuildFile; fileRef = 5B74B7BE1AD3A2DE003A5C05 /* Icon-60@2x.png */; };
		5B74B7D71AD3A2DE003A5C05 /* FlurryStreamCell.xib in Resources */ = {isa = PBXBuildFile; fileRef = 5B74B7BF1AD3A2DE003A5C05 /* FlurryStreamCell.xib */; };
		5B74B7D81AD3A2DE003A5C05 /* FlurryStreamCell.m in Sources */ = {isa = PBXBuildFile; fileRef = 5B74B7C01AD3A2DE003A5C05 /* FlurryStreamCell.m */; };
		5B74B7ED1AD3A30E003A5C05 /* UIImageView+AFNetworking.m in Sources */ = {isa = PBXBuildFile; fileRef = 5B74B7DA1AD3A30E003A5C05 /* UIImageView+AFNetworking.m */; };
		5B74B7EE1AD3A30E003A5C05 /* AFXMLRequestOperation.m in Sources */ = {isa = PBXBuildFile; fileRef = 5B74B7DC1AD3A30E003A5C05 /* AFXMLRequestOperation.m */; };
		5B74B7EF1AD3A30E003A5C05 /* AFURLConnectionOperation.m in Sources */ = {isa = PBXBuildFile; fileRef = 5B74B7DE1AD3A30E003A5C05 /* AFURLConnectionOperation.m */; };
		5B74B7F01AD3A30E003A5C05 /* AFPropertyListRequestOperation.m in Sources */ = {isa = PBXBuildFile; fileRef = 5B74B7E01AD3A30E003A5C05 /* AFPropertyListRequestOperation.m */; };
		5B74B7F11AD3A30E003A5C05 /* AFNetworkActivityIndicatorManager.m in Sources */ = {isa = PBXBuildFile; fileRef = 5B74B7E31AD3A30E003A5C05 /* AFNetworkActivityIndicatorManager.m */; };
		5B74B7F21AD3A30E003A5C05 /* AFJSONRequestOperation.m in Sources */ = {isa = PBXBuildFile; fileRef = 5B74B7E51AD3A30E003A5C05 /* AFJSONRequestOperation.m */; };
		5B74B7F31AD3A30E003A5C05 /* AFImageRequestOperation.m in Sources */ = {isa = PBXBuildFile; fileRef = 5B74B7E71AD3A30E003A5C05 /* AFImageRequestOperation.m */; };
		5B74B7F41AD3A30E003A5C05 /* AFHTTPRequestOperation.m in Sources */ = {isa = PBXBuildFile; fileRef = 5B74B7E91AD3A30E003A5C05 /* AFHTTPRequestOperation.m */; };
		5B74B7F51AD3A30E003A5C05 /* AFHTTPClient.m in Sources */ = {isa = PBXBuildFile; fileRef = 5B74B7EB1AD3A30E003A5C05 /* AFHTTPClient.m */; };
		5BB07AA318E0FFD8007A7F50 /* Foundation.framework in Frameworks */ = {isa = PBXBuildFile; fileRef = 5BB07AA218E0FFD8007A7F50 /* Foundation.framework */; };
		5BB07AA518E0FFD8007A7F50 /* CoreGraphics.framework in Frameworks */ = {isa = PBXBuildFile; fileRef = 5BB07AA418E0FFD8007A7F50 /* CoreGraphics.framework */; };
		5BB07AA718E0FFD8007A7F50 /* UIKit.framework in Frameworks */ = {isa = PBXBuildFile; fileRef = 5BB07AA618E0FFD8007A7F50 /* UIKit.framework */; };
		5BB07AEC18E10505007A7F50 /* AdSupport.framework in Frameworks */ = {isa = PBXBuildFile; fileRef = 5BB07AEB18E10505007A7F50 /* AdSupport.framework */; };
		5BB07AEE18E10516007A7F50 /* MediaPlayer.framework in Frameworks */ = {isa = PBXBuildFile; fileRef = 5BB07AED18E10516007A7F50 /* MediaPlayer.framework */; };
		5BB07AF018E1051F007A7F50 /* Security.framework in Frameworks */ = {isa = PBXBuildFile; fileRef = 5BB07AEF18E1051F007A7F50 /* Security.framework */; };
		5BB07AF418E1053C007A7F50 /* SystemConfiguration.framework in Frameworks */ = {isa = PBXBuildFile; fileRef = 5BB07AF318E1053C007A7F50 /* SystemConfiguration.framework */; };
		5BB07AF618E1054A007A7F50 /* libz.dylib in Frameworks */ = {isa = PBXBuildFile; fileRef = 5BB07AF518E1054A007A7F50 /* libz.dylib */; };
/* End PBXBuildFile section */

/* Begin PBXFileReference section */
		24135A411B8284DE00B9F132 /* libFlurryAds_6.7.0.a */ = {isa = PBXFileReference; lastKnownFileType = archive.ar; path = libFlurryAds_6.7.0.a; sourceTree = "<group>"; };
		24135A431B8284E700B9F132 /* libFlurry_6.7.0.a */ = {isa = PBXFileReference; lastKnownFileType = archive.ar; path = libFlurry_6.7.0.a; sourceTree = "<group>"; };
		24135A451B82852000B9F132 /* CardCell.h */ = {isa = PBXFileReference; fileEncoding = 4; lastKnownFileType = sourcecode.c.h; name = CardCell.h; path = FlurryNativeIntegration/CardCell.h; sourceTree = "<group>"; };
		24135A461B82852000B9F132 /* CardCell.m */ = {isa = PBXFileReference; fileEncoding = 4; lastKnownFileType = sourcecode.c.objc; name = CardCell.m; path = FlurryNativeIntegration/CardCell.m; sourceTree = "<group>"; };
		24135A471B82852000B9F132 /* CardCell.xib */ = {isa = PBXFileReference; fileEncoding = 4; lastKnownFileType = file.xib; name = CardCell.xib; path = FlurryNativeIntegration/CardCell.xib; sourceTree = "<group>"; };
		24135A481B82852000B9F132 /* CardLandscapeCell.xib */ = {isa = PBXFileReference; fileEncoding = 4; lastKnownFileType = file.xib; name = CardLandscapeCell.xib; path = FlurryNativeIntegration/CardLandscapeCell.xib; sourceTree = "<group>"; };
		24135A491B82852000B9F132 /* CardTableViewController.h */ = {isa = PBXFileReference; fileEncoding = 4; lastKnownFileType = sourcecode.c.h; name = CardTableViewController.h; path = FlurryNativeIntegration/CardTableViewController.h; sourceTree = "<group>"; };
		24135A4A1B82852000B9F132 /* CardTableViewController.m */ = {isa = PBXFileReference; fileEncoding = 4; lastKnownFileType = sourcecode.c.objc; name = CardTableViewController.m; path = FlurryNativeIntegration/CardTableViewController.m; sourceTree = "<group>"; };
		24135A4B1B82852000B9F132 /* FlurryCardCell.h */ = {isa = PBXFileReference; fileEncoding = 4; lastKnownFileType = sourcecode.c.h; name = FlurryCardCell.h; path = FlurryNativeIntegration/FlurryCardCell.h; sourceTree = "<group>"; };
		24135A4C1B82852000B9F132 /* FlurryCardCell.m */ = {isa = PBXFileReference; fileEncoding = 4; lastKnownFileType = sourcecode.c.objc; name = FlurryCardCell.m; path = FlurryNativeIntegration/FlurryCardCell.m; sourceTree = "<group>"; };
		24135A4D1B82852000B9F132 /* FlurryCardCell.xib */ = {isa = PBXFileReference; fileEncoding = 4; lastKnownFileType = file.xib; name = FlurryCardCell.xib; path = FlurryNativeIntegration/FlurryCardCell.xib; sourceTree = "<group>"; };
		24135A4E1B82852000B9F132 /* FlurryCardLandscapeCell.xib */ = {isa = PBXFileReference; fileEncoding = 4; lastKnownFileType = file.xib; name = FlurryCardLandscapeCell.xib; path = FlurryNativeIntegration/FlurryCardLandscapeCell.xib; sourceTree = "<group>"; };
		24135A561B82861900B9F132 /* SWRevealViewController.h */ = {isa = PBXFileReference; fileEncoding = 4; lastKnownFileType = sourcecode.c.h; name = SWRevealViewController.h; path = FlurryNativeIntegration/SWRevealViewController/SWRevealViewController/SWRevealViewController.h; sourceTree = "<group>"; };
		24135A571B82861900B9F132 /* SWRevealViewController.m */ = {isa = PBXFileReference; fileEncoding = 4; lastKnownFileType = sourcecode.c.objc; name = SWRevealViewController.m; path = FlurryNativeIntegration/SWRevealViewController/SWRevealViewController/SWRevealViewController.m; sourceTree = "<group>"; };
		24135A591B82865700B9F132 /* GeminiDemoConfiguration.h */ = {isa = PBXFileReference; fileEncoding = 4; lastKnownFileType = sourcecode.c.h; name = GeminiDemoConfiguration.h; path = FlurryNativeIntegration/GeminiDemoConfiguration.h; sourceTree = "<group>"; };
		24135A5A1B82865700B9F132 /* GeminiDemoConfiguration.m */ = {isa = PBXFileReference; fileEncoding = 4; lastKnownFileType = sourcecode.c.objc; name = GeminiDemoConfiguration.m; path = FlurryNativeIntegration/GeminiDemoConfiguration.m; sourceTree = "<group>"; };
		24135A5C1B8286A400B9F132 /* AVKit.framework */ = {isa = PBXFileReference; lastKnownFileType = wrapper.framework; name = AVKit.framework; path = System/Library/Frameworks/AVKit.framework; sourceTree = SDKROOT; };
		24135A5E1B8286E700B9F132 /* CoreMedia.framework */ = {isa = PBXFileReference; lastKnownFileType = wrapper.framework; name = CoreMedia.framework; path = System/Library/Frameworks/CoreMedia.framework; sourceTree = SDKROOT; };
		24135A601B8286FB00B9F132 /* AVFoundation.framework */ = {isa = PBXFileReference; lastKnownFileType = wrapper.framework; name = AVFoundation.framework; path = System/Library/Frameworks/AVFoundation.framework; sourceTree = SDKROOT; };
		24135A621B828B0400B9F132 /* GeminiDemoConfiguration.plist */ = {isa = PBXFileReference; fileEncoding = 4; lastKnownFileType = text.plist.xml; name = GeminiDemoConfiguration.plist; path = FlurryNativeIntegration/GeminiDemoConfiguration.plist; sourceTree = "<group>"; };
		5B09DF171A6D989000B4CC2C /* FlurryAdBanner.h */ = {isa = PBXFileReference; fileEncoding = 4; lastKnownFileType = sourcecode.c.h; path = FlurryAdBanner.h; sourceTree = "<group>"; };
		5B09DF181A6D989000B4CC2C /* FlurryAdBannerDelegate.h */ = {isa = PBXFileReference; fileEncoding = 4; lastKnownFileType = sourcecode.c.h; path = FlurryAdBannerDelegate.h; sourceTree = "<group>"; };
		5B09DF1A1A6D989000B4CC2C /* FlurryAdInterstitial.h */ = {isa = PBXFileReference; fileEncoding = 4; lastKnownFileType = sourcecode.c.h; path = FlurryAdInterstitial.h; sourceTree = "<group>"; };
		5B09DF1B1A6D989000B4CC2C /* FlurryAdInterstitialDelegate.h */ = {isa = PBXFileReference; fileEncoding = 4; lastKnownFileType = sourcecode.c.h; path = FlurryAdInterstitialDelegate.h; sourceTree = "<group>"; };
		5B09DF1D1A6D989000B4CC2C /* FlurryAdError.h */ = {isa = PBXFileReference; fileEncoding = 4; lastKnownFileType = sourcecode.c.h; path = FlurryAdError.h; sourceTree = "<group>"; };
		5B09DF1E1A6D989000B4CC2C /* FlurryAdTargeting.h */ = {isa = PBXFileReference; fileEncoding = 4; lastKnownFileType = sourcecode.c.h; path = FlurryAdTargeting.h; sourceTree = "<group>"; };
		5B09DF201A6D989000B4CC2C /* FlurryAdDelegate.h */ = {isa = PBXFileReference; fileEncoding = 4; lastKnownFileType = sourcecode.c.h; path = FlurryAdDelegate.h; sourceTree = "<group>"; };
		5B09DF211A6D989000B4CC2C /* FlurryAds.h */ = {isa = PBXFileReference; fileEncoding = 4; lastKnownFileType = sourcecode.c.h; path = FlurryAds.h; sourceTree = "<group>"; };
		5B37B0551AD3A57B0087263F /* en */ = {isa = PBXFileReference; lastKnownFileType = text.plist.strings; name = en; path = FlurryFullscreenAndBannerIntegration/en.lproj/InfoPlist.strings; sourceTree = SOURCE_ROOT; };
		5B37B05D1AD4F4C00087263F /* Default-568h@2x.png */ = {isa = PBXFileReference; lastKnownFileType = image.png; path = "Default-568h@2x.png"; sourceTree = "<group>"; };
		5B37B05E1AD4F4C00087263F /* Default.png */ = {isa = PBXFileReference; lastKnownFileType = image.png; path = Default.png; sourceTree = "<group>"; };
		5B37B05F1AD4F4C00087263F /* Default~ipad.png */ = {isa = PBXFileReference; lastKnownFileType = image.png; path = "Default~ipad.png"; sourceTree = "<group>"; };
		5B37B0601AD4F4C00087263F /* Default~iphone.png */ = {isa = PBXFileReference; lastKnownFileType = image.png; path = "Default~iphone.png"; sourceTree = "<group>"; };
		5B37B0611AD4F4C00087263F /* flurry-demo-landscape-4s.png */ = {isa = PBXFileReference; lastKnownFileType = image.png; path = "flurry-demo-landscape-4s.png"; sourceTree = "<group>"; };
		5B37B0621AD4F4C10087263F /* flurry-demo-landscape.png */ = {isa = PBXFileReference; lastKnownFileType = image.png; path = "flurry-demo-landscape.png"; sourceTree = "<group>"; };
		5B37B0631AD4F4C10087263F /* flurry-demo768-1024.png */ = {isa = PBXFileReference; lastKnownFileType = image.png; path = "flurry-demo768-1024.png"; sourceTree = "<group>"; };
		5B37B0641AD4F4C10087263F /* flurry-splash-landscape-4s.png */ = {isa = PBXFileReference; lastKnownFileType = image.png; path = "flurry-splash-landscape-4s.png"; sourceTree = "<group>"; };
		5B37B0651AD4F4C10087263F /* flurry-splash-landscape.png */ = {isa = PBXFileReference; lastKnownFileType = image.png; path = "flurry-splash-landscape.png"; sourceTree = "<group>"; };
		5B37B0661AD4F4C10087263F /* flurry-splash-landscape1024.png */ = {isa = PBXFileReference; lastKnownFileType = image.png; path = "flurry-splash-landscape1024.png"; sourceTree = "<group>"; };
		5B37B0671AD4F4C10087263F /* flurry-splash-portrait-4s.png */ = {isa = PBXFileReference; lastKnownFileType = image.png; path = "flurry-splash-portrait-4s.png"; sourceTree = "<group>"; };
		5B37B0681AD4F4C10087263F /* flurry-splash-portrait.png */ = {isa = PBXFileReference; lastKnownFileType = image.png; path = "flurry-splash-portrait.png"; sourceTree = "<group>"; };
		5B37B0691AD4F4C10087263F /* flurry-splash-portrait768.png */ = {isa = PBXFileReference; lastKnownFileType = image.png; path = "flurry-splash-portrait768.png"; sourceTree = "<group>"; };
		5B37B06A1AD4F4C10087263F /* flurryicon.png */ = {isa = PBXFileReference; lastKnownFileType = image.png; path = flurryicon.png; sourceTree = "<group>"; };
		5B4EE1EE19D4AFFD000B698B /* StoreKit.framework */ = {isa = PBXFileReference; lastKnownFileType = wrapper.framework; name = StoreKit.framework; path = System/Library/Frameworks/StoreKit.framework; sourceTree = SDKROOT; };
		5B74B7221AD39342003A5C05 /* TakeoverAdSpaceList.plist */ = {isa = PBXFileReference; fileEncoding = 4; lastKnownFileType = text.plist.xml; name = TakeoverAdSpaceList.plist; path = FlurryFullscreenAndBannerIntegration/TakeoverAdSpaceList.plist; sourceTree = SOURCE_ROOT; };
		5B74B7231AD39342003A5C05 /* StreamAdSpaceList.plist */ = {isa = PBXFileReference; fileEncoding = 4; lastKnownFileType = text.plist.xml; name = StreamAdSpaceList.plist; path = FlurryFullscreenAndBannerIntegration/StreamAdSpaceList.plist; sourceTree = SOURCE_ROOT; };
		5B74B7241AD39342003A5C05 /* main.m */ = {isa = PBXFileReference; fileEncoding = 4; lastKnownFileType = sourcecode.c.objc; name = main.m; path = FlurryFullscreenAndBannerIntegration/main.m; sourceTree = SOURCE_ROOT; };
		5B74B7251AD39342003A5C05 /* Images.xcassets */ = {isa = PBXFileReference; lastKnownFileType = folder.assetcatalog; name = Images.xcassets; path = FlurryFullscreenAndBannerIntegration/Images.xcassets; sourceTree = SOURCE_ROOT; };
		5B74B7261AD39342003A5C05 /* FlurryIntegrationSample-Prefix.pch */ = {isa = PBXFileReference; fileEncoding = 4; lastKnownFileType = sourcecode.c.h; name = "FlurryIntegrationSample-Prefix.pch"; path = "FlurryFullscreenAndBannerIntegration/FlurryIntegrationSample-Prefix.pch"; sourceTree = SOURCE_ROOT; };
		5B74B7271AD39342003A5C05 /* FlurryIntegrationSample-Info.plist */ = {isa = PBXFileReference; fileEncoding = 4; lastKnownFileType = text.plist.xml; name = "FlurryIntegrationSample-Info.plist"; path = "FlurryFullscreenAndBannerIntegration/FlurryIntegrationSample-Info.plist"; sourceTree = SOURCE_ROOT; };
		5B74B72D1AD39342003A5C05 /* Base */ = {isa = PBXFileReference; lastKnownFileType = file.storyboard; name = Base; path = Main_iPad.storyboard; sourceTree = "<group>"; };
		5B74B72F1AD39342003A5C05 /* Base */ = {isa = PBXFileReference; lastKnownFileType = file.storyboard; name = Base; path = Main_iPhone.storyboard; sourceTree = "<group>"; };
		5B74B7301AD39342003A5C05 /* BannerAdSpaceList.plist */ = {isa = PBXFileReference; fileEncoding = 4; lastKnownFileType = text.plist.xml; name = BannerAdSpaceList.plist; path = FlurryFullscreenAndBannerIntegration/BannerAdSpaceList.plist; sourceTree = SOURCE_ROOT; };
		5B74B79A1AD3A2B4003A5C05 /* TakeoverViewController.m */ = {isa = PBXFileReference; fileEncoding = 4; lastKnownFileType = sourcecode.c.objc; name = TakeoverViewController.m; path = FlurryFullscreenAndBannerIntegration/TakeoverViewController.m; sourceTree = SOURCE_ROOT; };
		5B74B79B1AD3A2B4003A5C05 /* TakeoverViewController.h */ = {isa = PBXFileReference; fileEncoding = 4; lastKnownFileType = sourcecode.c.h; name = TakeoverViewController.h; path = FlurryFullscreenAndBannerIntegration/TakeoverViewController.h; sourceTree = SOURCE_ROOT; };
		5B74B79C1AD3A2B4003A5C05 /* MasterViewController.m */ = {isa = PBXFileReference; fileEncoding = 4; lastKnownFileType = sourcecode.c.objc; name = MasterViewController.m; path = FlurryFullscreenAndBannerIntegration/MasterViewController.m; sourceTree = SOURCE_ROOT; };
		5B74B79D1AD3A2B4003A5C05 /* MasterViewController.h */ = {isa = PBXFileReference; fileEncoding = 4; lastKnownFileType = sourcecode.c.h; name = MasterViewController.h; path = FlurryFullscreenAndBannerIntegration/MasterViewController.h; sourceTree = SOURCE_ROOT; };
		5B74B79E1AD3A2B4003A5C05 /* BannerViewController.m */ = {isa = PBXFileReference; fileEncoding = 4; lastKnownFileType = sourcecode.c.objc; name = BannerViewController.m; path = FlurryFullscreenAndBannerIntegration/BannerViewController.m; sourceTree = SOURCE_ROOT; };
		5B74B79F1AD3A2B4003A5C05 /* BannerViewController.h */ = {isa = PBXFileReference; fileEncoding = 4; lastKnownFileType = sourcecode.c.h; name = BannerViewController.h; path = FlurryFullscreenAndBannerIntegration/BannerViewController.h; sourceTree = SOURCE_ROOT; };
		5B74B7A01AD3A2B4003A5C05 /* AppDelegate.m */ = {isa = PBXFileReference; fileEncoding = 4; lastKnownFileType = sourcecode.c.objc; name = AppDelegate.m; path = FlurryFullscreenAndBannerIntegration/AppDelegate.m; sourceTree = SOURCE_ROOT; };
		5B74B7A11AD3A2B4003A5C05 /* AppDelegate.h */ = {isa = PBXFileReference; fileEncoding = 4; lastKnownFileType = sourcecode.c.h; name = AppDelegate.h; path = FlurryFullscreenAndBannerIntegration/AppDelegate.h; sourceTree = SOURCE_ROOT; };
		5B74B7A61AD3A2DE003A5C05 /* Utils.m */ = {isa = PBXFileReference; fileEncoding = 4; lastKnownFileType = sourcecode.c.objc; name = Utils.m; path = FlurryNativeIntegration/Utils.m; sourceTree = SOURCE_ROOT; };
		5B74B7A71AD3A2DE003A5C05 /* Utils.h */ = {isa = PBXFileReference; fileEncoding = 4; lastKnownFileType = sourcecode.c.h; name = Utils.h; path = FlurryNativeIntegration/Utils.h; sourceTree = SOURCE_ROOT; };
		5B74B7A81AD3A2DE003A5C05 /* StreamTableViewController.m */ = {isa = PBXFileReference; fileEncoding = 4; lastKnownFileType = sourcecode.c.objc; name = StreamTableViewController.m; path = FlurryNativeIntegration/StreamTableViewController.m; sourceTree = SOURCE_ROOT; };
		5B74B7A91AD3A2DE003A5C05 /* StreamTableViewController.h */ = {isa = PBXFileReference; fileEncoding = 4; lastKnownFileType = sourcecode.c.h; name = StreamTableViewController.h; path = FlurryNativeIntegration/StreamTableViewController.h; sourceTree = SOURCE_ROOT; };
		5B74B7AA1AD3A2DE003A5C05 /* StreamCell.xib */ = {isa = PBXFileReference; fileEncoding = 4; lastKnownFileType = file.xib; name = StreamCell.xib; path = FlurryNativeIntegration/StreamCell.xib; sourceTree = SOURCE_ROOT; };
		5B74B7AB1AD3A2DE003A5C05 /* StreamCell.m */ = {isa = PBXFileReference; fileEncoding = 4; lastKnownFileType = sourcecode.c.objc; name = StreamCell.m; path = FlurryNativeIntegration/StreamCell.m; sourceTree = SOURCE_ROOT; };
		5B74B7AC1AD3A2DE003A5C05 /* StreamCell.h */ = {isa = PBXFileReference; fileEncoding = 4; lastKnownFileType = sourcecode.c.h; name = StreamCell.h; path = FlurryNativeIntegration/StreamCell.h; sourceTree = SOURCE_ROOT; };
		5B74B7AD1AD3A2DE003A5C05 /* starburst@2x.png */ = {isa = PBXFileReference; lastKnownFileType = image.png; name = "starburst@2x.png"; path = "FlurryNativeIntegration/starburst@2x.png"; sourceTree = SOURCE_ROOT; };
		5B74B7AE1AD3A2DE003A5C05 /* starburst.png */ = {isa = PBXFileReference; lastKnownFileType = image.png; name = starburst.png; path = FlurryNativeIntegration/starburst.png; sourceTree = SOURCE_ROOT; };
		5B74B7AF1AD3A2DE003A5C05 /* share_icon@3x.png */ = {isa = PBXFileReference; lastKnownFileType = image.png; name = "share_icon@3x.png"; path = "FlurryNativeIntegration/share_icon@3x.png"; sourceTree = SOURCE_ROOT; };
		5B74B7B01AD3A2DE003A5C05 /* share_icon@2x.png */ = {isa = PBXFileReference; lastKnownFileType = image.png; name = "share_icon@2x.png"; path = "FlurryNativeIntegration/share_icon@2x.png"; sourceTree = SOURCE_ROOT; };
		5B74B7B11AD3A2DE003A5C05 /* share_icon.png */ = {isa = PBXFileReference; lastKnownFileType = image.png; name = share_icon.png; path = FlurryNativeIntegration/share_icon.png; sourceTree = SOURCE_ROOT; };
		5B74B7B21AD3A2DE003A5C05 /* NewsItem.m */ = {isa = PBXFileReference; fileEncoding = 4; lastKnownFileType = sourcecode.c.objc; name = NewsItem.m; path = FlurryNativeIntegration/NewsItem.m; sourceTree = SOURCE_ROOT; };
		5B74B7B31AD3A2DE003A5C05 /* NewsItem.h */ = {isa = PBXFileReference; fileEncoding = 4; lastKnownFileType = sourcecode.c.h; name = NewsItem.h; path = FlurryNativeIntegration/NewsItem.h; sourceTree = SOURCE_ROOT; };
		5B74B7B41AD3A2DE003A5C05 /* NewsDetailViewController.xib */ = {isa = PBXFileReference; fileEncoding = 4; lastKnownFileType = file.xib; name = NewsDetailViewController.xib; path = FlurryNativeIntegration/NewsDetailViewController.xib; sourceTree = SOURCE_ROOT; };
		5B74B7B51AD3A2DE003A5C05 /* NewsDetailViewController.m */ = {isa = PBXFileReference; fileEncoding = 4; lastKnownFileType = sourcecode.c.objc; name = NewsDetailViewController.m; path = FlurryNativeIntegration/NewsDetailViewController.m; sourceTree = SOURCE_ROOT; };
		5B74B7B61AD3A2DE003A5C05 /* NewsDetailViewController.h */ = {isa = PBXFileReference; fileEncoding = 4; lastKnownFileType = sourcecode.c.h; name = NewsDetailViewController.h; path = FlurryNativeIntegration/NewsDetailViewController.h; sourceTree = SOURCE_ROOT; };
		5B74B7B71AD3A2DE003A5C05 /* Icon@2x.png */ = {isa = PBXFileReference; lastKnownFileType = image.png; name = "Icon@2x.png"; path = "FlurryNativeIntegration/Icon@2x.png"; sourceTree = SOURCE_ROOT; };
		5B74B7B81AD3A2DE003A5C05 /* Icon.png */ = {isa = PBXFileReference; lastKnownFileType = image.png; name = Icon.png; path = FlurryNativeIntegration/Icon.png; sourceTree = SOURCE_ROOT; };
		5B74B7B91AD3A2DE003A5C05 /* Icon-80.png */ = {isa = PBXFileReference; lastKnownFileType = image.png; name = "Icon-80.png"; path = "FlurryNativeIntegration/Icon-80.png"; sourceTree = SOURCE_ROOT; };
		5B74B7BA1AD3A2DE003A5C05 /* Icon-76@2x.png */ = {isa = PBXFileReference; lastKnownFileType = image.png; name = "Icon-76@2x.png"; path = "FlurryNativeIntegration/Icon-76@2x.png"; sourceTree = SOURCE_ROOT; };
		5B74B7BB1AD3A2DE003A5C05 /* Icon-76.png */ = {isa = PBXFileReference; lastKnownFileType = image.png; name = "Icon-76.png"; path = "FlurryNativeIntegration/Icon-76.png"; sourceTree = SOURCE_ROOT; };
		5B74B7BC1AD3A2DE003A5C05 /* Icon-72@2x.png */ = {isa = PBXFileReference; lastKnownFileType = image.png; name = "Icon-72@2x.png"; path = "FlurryNativeIntegration/Icon-72@2x.png"; sourceTree = SOURCE_ROOT; };
		5B74B7BD1AD3A2DE003A5C05 /* Icon-72.png */ = {isa = PBXFileReference; lastKnownFileType = image.png; name = "Icon-72.png"; path = "FlurryNativeIntegration/Icon-72.png"; sourceTree = SOURCE_ROOT; };
		5B74B7BE1AD3A2DE003A5C05 /* Icon-60@2x.png */ = {isa = PBXFileReference; lastKnownFileType = image.png; name = "Icon-60@2x.png"; path = "FlurryNativeIntegration/Icon-60@2x.png"; sourceTree = SOURCE_ROOT; };
		5B74B7BF1AD3A2DE003A5C05 /* FlurryStreamCell.xib */ = {isa = PBXFileReference; fileEncoding = 4; lastKnownFileType = file.xib; name = FlurryStreamCell.xib; path = FlurryNativeIntegration/FlurryStreamCell.xib; sourceTree = SOURCE_ROOT; };
		5B74B7C01AD3A2DE003A5C05 /* FlurryStreamCell.m */ = {isa = PBXFileReference; fileEncoding = 4; lastKnownFileType = sourcecode.c.objc; name = FlurryStreamCell.m; path = FlurryNativeIntegration/FlurryStreamCell.m; sourceTree = SOURCE_ROOT; };
		5B74B7C11AD3A2DE003A5C05 /* FlurryStreamCell.h */ = {isa = PBXFileReference; fileEncoding = 4; lastKnownFileType = sourcecode.c.h; name = FlurryStreamCell.h; path = FlurryNativeIntegration/FlurryStreamCell.h; sourceTree = SOURCE_ROOT; };
		5B74B7DA1AD3A30E003A5C05 /* UIImageView+AFNetworking.m */ = {isa = PBXFileReference; fileEncoding = 4; lastKnownFileType = sourcecode.c.objc; name = "UIImageView+AFNetworking.m"; path = "FlurryNativeIntegration/AFNetworking/UIImageView+AFNetworking.m"; sourceTree = SOURCE_ROOT; };
		5B74B7DB1AD3A30E003A5C05 /* UIImageView+AFNetworking.h */ = {isa = PBXFileReference; fileEncoding = 4; lastKnownFileType = sourcecode.c.h; name = "UIImageView+AFNetworking.h"; path = "FlurryNativeIntegration/AFNetworking/UIImageView+AFNetworking.h"; sourceTree = SOURCE_ROOT; };
		5B74B7DC1AD3A30E003A5C05 /* AFXMLRequestOperation.m */ = {isa = PBXFileReference; fileEncoding = 4; lastKnownFileType = sourcecode.c.objc; name = AFXMLRequestOperation.m; path = FlurryNativeIntegration/AFNetworking/AFXMLRequestOperation.m; sourceTree = SOURCE_ROOT; };
		5B74B7DD1AD3A30E003A5C05 /* AFXMLRequestOperation.h */ = {isa = PBXFileReference; fileEncoding = 4; lastKnownFileType = sourcecode.c.h; name = AFXMLRequestOperation.h; path = FlurryNativeIntegration/AFNetworking/AFXMLRequestOperation.h; sourceTree = SOURCE_ROOT; };
		5B74B7DE1AD3A30E003A5C05 /* AFURLConnectionOperation.m */ = {isa = PBXFileReference; fileEncoding = 4; lastKnownFileType = sourcecode.c.objc; name = AFURLConnectionOperation.m; path = FlurryNativeIntegration/AFNetworking/AFURLConnectionOperation.m; sourceTree = SOURCE_ROOT; };
		5B74B7DF1AD3A30E003A5C05 /* AFURLConnectionOperation.h */ = {isa = PBXFileReference; fileEncoding = 4; lastKnownFileType = sourcecode.c.h; name = AFURLConnectionOperation.h; path = FlurryNativeIntegration/AFNetworking/AFURLConnectionOperation.h; sourceTree = SOURCE_ROOT; };
		5B74B7E01AD3A30E003A5C05 /* AFPropertyListRequestOperation.m */ = {isa = PBXFileReference; fileEncoding = 4; lastKnownFileType = sourcecode.c.objc; name = AFPropertyListRequestOperation.m; path = FlurryNativeIntegration/AFNetworking/AFPropertyListRequestOperation.m; sourceTree = SOURCE_ROOT; };
		5B74B7E11AD3A30E003A5C05 /* AFPropertyListRequestOperation.h */ = {isa = PBXFileReference; fileEncoding = 4; lastKnownFileType = sourcecode.c.h; name = AFPropertyListRequestOperation.h; path = FlurryNativeIntegration/AFNetworking/AFPropertyListRequestOperation.h; sourceTree = SOURCE_ROOT; };
		5B74B7E21AD3A30E003A5C05 /* AFNetworking.h */ = {isa = PBXFileReference; fileEncoding = 4; lastKnownFileType = sourcecode.c.h; name = AFNetworking.h; path = FlurryNativeIntegration/AFNetworking/AFNetworking.h; sourceTree = SOURCE_ROOT; };
		5B74B7E31AD3A30E003A5C05 /* AFNetworkActivityIndicatorManager.m */ = {isa = PBXFileReference; fileEncoding = 4; lastKnownFileType = sourcecode.c.objc; name = AFNetworkActivityIndicatorManager.m; path = FlurryNativeIntegration/AFNetworking/AFNetworkActivityIndicatorManager.m; sourceTree = SOURCE_ROOT; };
		5B74B7E41AD3A30E003A5C05 /* AFNetworkActivityIndicatorManager.h */ = {isa = PBXFileReference; fileEncoding = 4; lastKnownFileType = sourcecode.c.h; name = AFNetworkActivityIndicatorManager.h; path = FlurryNativeIntegration/AFNetworking/AFNetworkActivityIndicatorManager.h; sourceTree = SOURCE_ROOT; };
		5B74B7E51AD3A30E003A5C05 /* AFJSONRequestOperation.m */ = {isa = PBXFileReference; fileEncoding = 4; lastKnownFileType = sourcecode.c.objc; name = AFJSONRequestOperation.m; path = FlurryNativeIntegration/AFNetworking/AFJSONRequestOperation.m; sourceTree = SOURCE_ROOT; };
		5B74B7E61AD3A30E003A5C05 /* AFJSONRequestOperation.h */ = {isa = PBXFileReference; fileEncoding = 4; lastKnownFileType = sourcecode.c.h; name = AFJSONRequestOperation.h; path = FlurryNativeIntegration/AFNetworking/AFJSONRequestOperation.h; sourceTree = SOURCE_ROOT; };
		5B74B7E71AD3A30E003A5C05 /* AFImageRequestOperation.m */ = {isa = PBXFileReference; fileEncoding = 4; lastKnownFileType = sourcecode.c.objc; name = AFImageRequestOperation.m; path = FlurryNativeIntegration/AFNetworking/AFImageRequestOperation.m; sourceTree = SOURCE_ROOT; };
		5B74B7E81AD3A30E003A5C05 /* AFImageRequestOperation.h */ = {isa = PBXFileReference; fileEncoding = 4; lastKnownFileType = sourcecode.c.h; name = AFImageRequestOperation.h; path = FlurryNativeIntegration/AFNetworking/AFImageRequestOperation.h; sourceTree = SOURCE_ROOT; };
		5B74B7E91AD3A30E003A5C05 /* AFHTTPRequestOperation.m */ = {isa = PBXFileReference; fileEncoding = 4; lastKnownFileType = sourcecode.c.objc; name = AFHTTPRequestOperation.m; path = FlurryNativeIntegration/AFNetworking/AFHTTPRequestOperation.m; sourceTree = SOURCE_ROOT; };
		5B74B7EA1AD3A30E003A5C05 /* AFHTTPRequestOperation.h */ = {isa = PBXFileReference; fileEncoding = 4; lastKnownFileType = sourcecode.c.h; name = AFHTTPRequestOperation.h; path = FlurryNativeIntegration/AFNetworking/AFHTTPRequestOperation.h; sourceTree = SOURCE_ROOT; };
		5B74B7EB1AD3A30E003A5C05 /* AFHTTPClient.m */ = {isa = PBXFileReference; fileEncoding = 4; lastKnownFileType = sourcecode.c.objc; name = AFHTTPClient.m; path = FlurryNativeIntegration/AFNetworking/AFHTTPClient.m; sourceTree = SOURCE_ROOT; };
		5B74B7EC1AD3A30E003A5C05 /* AFHTTPClient.h */ = {isa = PBXFileReference; fileEncoding = 4; lastKnownFileType = sourcecode.c.h; name = AFHTTPClient.h; path = FlurryNativeIntegration/AFNetworking/AFHTTPClient.h; sourceTree = SOURCE_ROOT; };
		5BB07A9F18E0FFD8007A7F50 /* FlurryIntegrationSample.app */ = {isa = PBXFileReference; explicitFileType = wrapper.application; includeInIndex = 0; path = FlurryIntegrationSample.app; sourceTree = BUILT_PRODUCTS_DIR; };
		5BB07AA218E0FFD8007A7F50 /* Foundation.framework */ = {isa = PBXFileReference; lastKnownFileType = wrapper.framework; name = Foundation.framework; path = System/Library/Frameworks/Foundation.framework; sourceTree = SDKROOT; };
		5BB07AA418E0FFD8007A7F50 /* CoreGraphics.framework */ = {isa = PBXFileReference; lastKnownFileType = wrapper.framework; name = CoreGraphics.framework; path = System/Library/Frameworks/CoreGraphics.framework; sourceTree = SDKROOT; };
		5BB07AA618E0FFD8007A7F50 /* UIKit.framework */ = {isa = PBXFileReference; lastKnownFileType = wrapper.framework; name = UIKit.framework; path = System/Library/Frameworks/UIKit.framework; sourceTree = SDKROOT; };
		5BB07AE318E10337007A7F50 /* Flurry.h */ = {isa = PBXFileReference; fileEncoding = 4; lastKnownFileType = sourcecode.c.h; path = Flurry.h; sourceTree = "<group>"; };
		5BB07AEB18E10505007A7F50 /* AdSupport.framework */ = {isa = PBXFileReference; lastKnownFileType = wrapper.framework; name = AdSupport.framework; path = System/Library/Frameworks/AdSupport.framework; sourceTree = SDKROOT; };
		5BB07AED18E10516007A7F50 /* MediaPlayer.framework */ = {isa = PBXFileReference; lastKnownFileType = wrapper.framework; name = MediaPlayer.framework; path = System/Library/Frameworks/MediaPlayer.framework; sourceTree = SDKROOT; };
		5BB07AEF18E1051F007A7F50 /* Security.framework */ = {isa = PBXFileReference; lastKnownFileType = wrapper.framework; name = Security.framework; path = System/Library/Frameworks/Security.framework; sourceTree = SDKROOT; };
		5BB07AF318E1053C007A7F50 /* SystemConfiguration.framework */ = {isa = PBXFileReference; lastKnownFileType = wrapper.framework; name = SystemConfiguration.framework; path = System/Library/Frameworks/SystemConfiguration.framework; sourceTree = SDKROOT; };
		5BB07AF518E1054A007A7F50 /* libz.dylib */ = {isa = PBXFileReference; lastKnownFileType = "compiled.mach-o.dylib"; name = libz.dylib; path = usr/lib/libz.dylib; sourceTree = SDKROOT; };
		5BF3E13B1A9C0365005DF302 /* FlurryAdNative.h */ = {isa = PBXFileReference; fileEncoding = 4; lastKnownFileType = sourcecode.c.h; path = FlurryAdNative.h; sourceTree = "<group>"; };
		5BF3E13C1A9C0365005DF302 /* FlurryAdNativeAsset.h */ = {isa = PBXFileReference; fileEncoding = 4; lastKnownFileType = sourcecode.c.h; path = FlurryAdNativeAsset.h; sourceTree = "<group>"; };
		5BF3E13D1A9C0365005DF302 /* FlurryAdNativeDelegate.h */ = {isa = PBXFileReference; fileEncoding = 4; lastKnownFileType = sourcecode.c.h; path = FlurryAdNativeDelegate.h; sourceTree = "<group>"; };
		5BF3E13E1A9C0365005DF302 /* FlurryAdNativeStyle.h */ = {isa = PBXFileReference; fileEncoding = 4; lastKnownFileType = sourcecode.c.h; path = FlurryAdNativeStyle.h; sourceTree = "<group>"; };
/* End PBXFileReference section */

/* Begin PBXFrameworksBuildPhase section */
		5BB07A9C18E0FFD8007A7F50 /* Frameworks */ = {
			isa = PBXFrameworksBuildPhase;
			buildActionMask = 2147483647;
			files = (
				24135A611B8286FB00B9F132 /* AVFoundation.framework in Frameworks */,
				24135A5F1B8286E700B9F132 /* CoreMedia.framework in Frameworks */,
				24135A5D1B8286A400B9F132 /* AVKit.framework in Frameworks */,
				24135A421B8284DE00B9F132 /* libFlurryAds_6.7.0.a in Frameworks */,
				5BB07AEC18E10505007A7F50 /* AdSupport.framework in Frameworks */,
				5BB07AA518E0FFD8007A7F50 /* CoreGraphics.framework in Frameworks */,
				5BB07AA318E0FFD8007A7F50 /* Foundation.framework in Frameworks */,
				5BB07AF618E1054A007A7F50 /* libz.dylib in Frameworks */,
				5BB07AEE18E10516007A7F50 /* MediaPlayer.framework in Frameworks */,
				5BB07AF418E1053C007A7F50 /* SystemConfiguration.framework in Frameworks */,
				5BB07AF018E1051F007A7F50 /* Security.framework in Frameworks */,
				5B4EE1EF19D4AFFD000B698B /* StoreKit.framework in Frameworks */,
				5BB07AA718E0FFD8007A7F50 /* UIKit.framework in Frameworks */,
				24135A441B8284E700B9F132 /* libFlurry_6.7.0.a in Frameworks */,
			);
			runOnlyForDeploymentPostprocessing = 0;
		};
/* End PBXFrameworksBuildPhase section */

/* Begin PBXGroup section */
		5B09DF161A6D989000B4CC2C /* FlurryAdBanner */ = {
			isa = PBXGroup;
			children = (
				5B09DF171A6D989000B4CC2C /* FlurryAdBanner.h */,
				5B09DF181A6D989000B4CC2C /* FlurryAdBannerDelegate.h */,
			);
			path = FlurryAdBanner;
			sourceTree = "<group>";
		};
		5B09DF191A6D989000B4CC2C /* FlurryAdInterstitial */ = {
			isa = PBXGroup;
			children = (
				5B09DF1A1A6D989000B4CC2C /* FlurryAdInterstitial.h */,
				5B09DF1B1A6D989000B4CC2C /* FlurryAdInterstitialDelegate.h */,
			);
			path = FlurryAdInterstitial;
			sourceTree = "<group>";
		};
		5B09DF1C1A6D989000B4CC2C /* Shared */ = {
			isa = PBXGroup;
			children = (
				5B09DF1D1A6D989000B4CC2C /* FlurryAdError.h */,
				5B09DF1E1A6D989000B4CC2C /* FlurryAdTargeting.h */,
			);
			path = Shared;
			sourceTree = "<group>";
		};
		5B09DF1F1A6D989000B4CC2C /* StaticAPI */ = {
			isa = PBXGroup;
			children = (
				5B09DF201A6D989000B4CC2C /* FlurryAdDelegate.h */,
				5B09DF211A6D989000B4CC2C /* FlurryAds.h */,
			);
			path = StaticAPI;
			sourceTree = "<group>";
		};
		5B37B0571AD489E60087263F /* FlurryNativeIntegration */ = {
			isa = PBXGroup;
			children = (
				24135A621B828B0400B9F132 /* GeminiDemoConfiguration.plist */,
				24135A591B82865700B9F132 /* GeminiDemoConfiguration.h */,
				24135A5A1B82865700B9F132 /* GeminiDemoConfiguration.m */,
				24135A561B82861900B9F132 /* SWRevealViewController.h */,
				24135A571B82861900B9F132 /* SWRevealViewController.m */,
				24135A451B82852000B9F132 /* CardCell.h */,
				24135A461B82852000B9F132 /* CardCell.m */,
				24135A471B82852000B9F132 /* CardCell.xib */,
				24135A481B82852000B9F132 /* CardLandscapeCell.xib */,
				24135A491B82852000B9F132 /* CardTableViewController.h */,
				24135A4A1B82852000B9F132 /* CardTableViewController.m */,
				24135A4B1B82852000B9F132 /* FlurryCardCell.h */,
				24135A4C1B82852000B9F132 /* FlurryCardCell.m */,
				24135A4D1B82852000B9F132 /* FlurryCardCell.xib */,
				24135A4E1B82852000B9F132 /* FlurryCardLandscapeCell.xib */,
				5B74B7A61AD3A2DE003A5C05 /* Utils.m */,
				5B74B7A71AD3A2DE003A5C05 /* Utils.h */,
				5B74B7A81AD3A2DE003A5C05 /* StreamTableViewController.m */,
				5B74B7A91AD3A2DE003A5C05 /* StreamTableViewController.h */,
				5B74B7AA1AD3A2DE003A5C05 /* StreamCell.xib */,
				5B74B7AB1AD3A2DE003A5C05 /* StreamCell.m */,
				5B74B7AC1AD3A2DE003A5C05 /* StreamCell.h */,
				5B74B7AD1AD3A2DE003A5C05 /* starburst@2x.png */,
				5B74B7AE1AD3A2DE003A5C05 /* starburst.png */,
				5B74B7AF1AD3A2DE003A5C05 /* share_icon@3x.png */,
				5B74B7B01AD3A2DE003A5C05 /* share_icon@2x.png */,
				5B74B7B11AD3A2DE003A5C05 /* share_icon.png */,
				5B74B7B21AD3A2DE003A5C05 /* NewsItem.m */,
				5B74B7B31AD3A2DE003A5C05 /* NewsItem.h */,
				5B74B7B41AD3A2DE003A5C05 /* NewsDetailViewController.xib */,
				5B74B7B51AD3A2DE003A5C05 /* NewsDetailViewController.m */,
				5B74B7B61AD3A2DE003A5C05 /* NewsDetailViewController.h */,
				5B74B7B71AD3A2DE003A5C05 /* Icon@2x.png */,
				5B74B7B81AD3A2DE003A5C05 /* Icon.png */,
				5B74B7B91AD3A2DE003A5C05 /* Icon-80.png */,
				5B74B7BA1AD3A2DE003A5C05 /* Icon-76@2x.png */,
				5B74B7BB1AD3A2DE003A5C05 /* Icon-76.png */,
				5B74B7BC1AD3A2DE003A5C05 /* Icon-72@2x.png */,
				5B74B7BD1AD3A2DE003A5C05 /* Icon-72.png */,
				5B74B7BE1AD3A2DE003A5C05 /* Icon-60@2x.png */,
				5B74B7BF1AD3A2DE003A5C05 /* FlurryStreamCell.xib */,
				5B74B7C01AD3A2DE003A5C05 /* FlurryStreamCell.m */,
				5B74B7C11AD3A2DE003A5C05 /* FlurryStreamCell.h */,
				5B37B0581AD48A750087263F /* AFNetworking */,
			);
			name = FlurryNativeIntegration;
			sourceTree = "<group>";
		};
		5B37B0581AD48A750087263F /* AFNetworking */ = {
			isa = PBXGroup;
			children = (
				5B74B7DA1AD3A30E003A5C05 /* UIImageView+AFNetworking.m */,
				5B74B7DB1AD3A30E003A5C05 /* UIImageView+AFNetworking.h */,
				5B74B7DC1AD3A30E003A5C05 /* AFXMLRequestOperation.m */,
				5B74B7DD1AD3A30E003A5C05 /* AFXMLRequestOperation.h */,
				5B74B7DE1AD3A30E003A5C05 /* AFURLConnectionOperation.m */,
				5B74B7DF1AD3A30E003A5C05 /* AFURLConnectionOperation.h */,
				5B74B7E01AD3A30E003A5C05 /* AFPropertyListRequestOperation.m */,
				5B74B7E11AD3A30E003A5C05 /* AFPropertyListRequestOperation.h */,
				5B74B7E21AD3A30E003A5C05 /* AFNetworking.h */,
				5B74B7E31AD3A30E003A5C05 /* AFNetworkActivityIndicatorManager.m */,
				5B74B7E41AD3A30E003A5C05 /* AFNetworkActivityIndicatorManager.h */,
				5B74B7E51AD3A30E003A5C05 /* AFJSONRequestOperation.m */,
				5B74B7E61AD3A30E003A5C05 /* AFJSONRequestOperation.h */,
				5B74B7E71AD3A30E003A5C05 /* AFImageRequestOperation.m */,
				5B74B7E81AD3A30E003A5C05 /* AFImageRequestOperation.h */,
				5B74B7E91AD3A30E003A5C05 /* AFHTTPRequestOperation.m */,
				5B74B7EA1AD3A30E003A5C05 /* AFHTTPRequestOperation.h */,
				5B74B7EB1AD3A30E003A5C05 /* AFHTTPClient.m */,
				5B74B7EC1AD3A30E003A5C05 /* AFHTTPClient.h */,
			);
			name = AFNetworking;
			sourceTree = "<group>";
		};
		5B37B07D1AD749330087263F /* images */ = {
			isa = PBXGroup;
			children = (
				5B37B05D1AD4F4C00087263F /* Default-568h@2x.png */,
				5B37B05E1AD4F4C00087263F /* Default.png */,
				5B37B05F1AD4F4C00087263F /* Default~ipad.png */,
				5B37B0601AD4F4C00087263F /* Default~iphone.png */,
				5B37B0611AD4F4C00087263F /* flurry-demo-landscape-4s.png */,
				5B37B0621AD4F4C10087263F /* flurry-demo-landscape.png */,
				5B37B0631AD4F4C10087263F /* flurry-demo768-1024.png */,
				5B37B0641AD4F4C10087263F /* flurry-splash-landscape-4s.png */,
				5B37B0651AD4F4C10087263F /* flurry-splash-landscape.png */,
				5B37B0661AD4F4C10087263F /* flurry-splash-landscape1024.png */,
				5B37B0671AD4F4C10087263F /* flurry-splash-portrait-4s.png */,
				5B37B0681AD4F4C10087263F /* flurry-splash-portrait.png */,
				5B37B0691AD4F4C10087263F /* flurry-splash-portrait768.png */,
				5B37B06A1AD4F4C10087263F /* flurryicon.png */,
			);
			name = images;
			sourceTree = "<group>";
		};
		5B74B72B1AD39342003A5C05 /* Base.lproj */ = {
			isa = PBXGroup;
			children = (
			);
			name = Base.lproj;
			path = FlurryFullscreenAndBannerIntegration/Base.lproj;
			sourceTree = SOURCE_ROOT;
		};
		5BB07A9618E0FFD8007A7F50 = {
			isa = PBXGroup;
			children = (
				5B37B07D1AD749330087263F /* images */,
				5B74B72C1AD39342003A5C05 /* Main_iPad.storyboard */,
				5B74B72E1AD39342003A5C05 /* Main_iPhone.storyboard */,
				5B37B0571AD489E60087263F /* FlurryNativeIntegration */,
				5BB07AA818E0FFD8007A7F50 /* FlurryIntegrationSamples */,
				5BB07AA118E0FFD8007A7F50 /* Frameworks */,
				5BB07AA018E0FFD8007A7F50 /* Products */,
			);
			sourceTree = "<group>";
		};
		5BB07AA018E0FFD8007A7F50 /* Products */ = {
			isa = PBXGroup;
			children = (
				5BB07A9F18E0FFD8007A7F50 /* FlurryIntegrationSample.app */,
			);
			name = Products;
			sourceTree = "<group>";
		};
		5BB07AA118E0FFD8007A7F50 /* Frameworks */ = {
			isa = PBXGroup;
			children = (
				24135A601B8286FB00B9F132 /* AVFoundation.framework */,
				24135A5E1B8286E700B9F132 /* CoreMedia.framework */,
				24135A5C1B8286A400B9F132 /* AVKit.framework */,
				5B4EE1EE19D4AFFD000B698B /* StoreKit.framework */,
				5BB07AF518E1054A007A7F50 /* libz.dylib */,
				5BB07AF318E1053C007A7F50 /* SystemConfiguration.framework */,
				5BB07AEF18E1051F007A7F50 /* Security.framework */,
				5BB07AED18E10516007A7F50 /* MediaPlayer.framework */,
				5BB07AEB18E10505007A7F50 /* AdSupport.framework */,
				5BB07AA218E0FFD8007A7F50 /* Foundation.framework */,
				5BB07AA418E0FFD8007A7F50 /* CoreGraphics.framework */,
				5BB07AA618E0FFD8007A7F50 /* UIKit.framework */,
			);
			name = Frameworks;
			sourceTree = SOURCE_ROOT;
		};
		5BB07AA818E0FFD8007A7F50 /* FlurryIntegrationSamples */ = {
			isa = PBXGroup;
			children = (
				5B74B79A1AD3A2B4003A5C05 /* TakeoverViewController.m */,
				5B74B79B1AD3A2B4003A5C05 /* TakeoverViewController.h */,
				5B74B79C1AD3A2B4003A5C05 /* MasterViewController.m */,
				5B74B79D1AD3A2B4003A5C05 /* MasterViewController.h */,
				5B74B79E1AD3A2B4003A5C05 /* BannerViewController.m */,
				5B74B79F1AD3A2B4003A5C05 /* BannerViewController.h */,
				5B74B7A01AD3A2B4003A5C05 /* AppDelegate.m */,
				5B74B7A11AD3A2B4003A5C05 /* AppDelegate.h */,
				5BB07AE218E10337007A7F50 /* Flurry */,
				5BB07AE518E10337007A7F50 /* FlurryAds */,
				5BB07AA918E0FFD8007A7F50 /* Supporting Files */,
			);
			name = FlurryIntegrationSamples;
			path = FlurryFlow;
			sourceTree = SOURCE_ROOT;
		};
		5BB07AA918E0FFD8007A7F50 /* Supporting Files */ = {
			isa = PBXGroup;
			children = (
				5B74B7221AD39342003A5C05 /* TakeoverAdSpaceList.plist */,
				5B74B7301AD39342003A5C05 /* BannerAdSpaceList.plist */,
				5B74B7231AD39342003A5C05 /* StreamAdSpaceList.plist */,
				5B74B7241AD39342003A5C05 /* main.m */,
				5B74B7251AD39342003A5C05 /* Images.xcassets */,
				5B74B7261AD39342003A5C05 /* FlurryIntegrationSample-Prefix.pch */,
				5B74B7271AD39342003A5C05 /* FlurryIntegrationSample-Info.plist */,
				5B74B72B1AD39342003A5C05 /* Base.lproj */,
				5BE9CF471AD391FA0086C75F /* en.lproj */,
			);
			name = "Supporting Files";
			sourceTree = SOURCE_ROOT;
		};
		5BB07AE218E10337007A7F50 /* Flurry */ = {
			isa = PBXGroup;
			children = (
				24135A431B8284E700B9F132 /* libFlurry_6.7.0.a */,
				5BB07AE318E10337007A7F50 /* Flurry.h */,
			);
			path = Flurry;
			sourceTree = SOURCE_ROOT;
		};
		5BB07AE518E10337007A7F50 /* FlurryAds */ = {
			isa = PBXGroup;
			children = (
				24135A411B8284DE00B9F132 /* libFlurryAds_6.7.0.a */,
				5BF3E13A1A9C0365005DF302 /* FlurryAdNative */,
				5B09DF161A6D989000B4CC2C /* FlurryAdBanner */,
				5B09DF191A6D989000B4CC2C /* FlurryAdInterstitial */,
				5B09DF1C1A6D989000B4CC2C /* Shared */,
				5B09DF1F1A6D989000B4CC2C /* StaticAPI */,
			);
			path = FlurryAds;
			sourceTree = SOURCE_ROOT;
		};
		5BE9CF471AD391FA0086C75F /* en.lproj */ = {
			isa = PBXGroup;
			children = (
				5B37B0541AD3A57B0087263F /* InfoPlist.strings */,
			);
			name = en.lproj;
			path = ../FlurryFullscreenAndBannerIntegration/en.lproj;
			sourceTree = "<group>";
		};
		5BF3E13A1A9C0365005DF302 /* FlurryAdNative */ = {
			isa = PBXGroup;
			children = (
				5BF3E13B1A9C0365005DF302 /* FlurryAdNative.h */,
				5BF3E13C1A9C0365005DF302 /* FlurryAdNativeAsset.h */,
				5BF3E13D1A9C0365005DF302 /* FlurryAdNativeDelegate.h */,
				5BF3E13E1A9C0365005DF302 /* FlurryAdNativeStyle.h */,
			);
			path = FlurryAdNative;
			sourceTree = "<group>";
		};
/* End PBXGroup section */

/* Begin PBXNativeTarget section */
		5BB07A9E18E0FFD8007A7F50 /* FlurryIntegrationSample */ = {
			isa = PBXNativeTarget;
			buildConfigurationList = 5BB07AD718E0FFD8007A7F50 /* Build configuration list for PBXNativeTarget "FlurryIntegrationSample" */;
			buildPhases = (
				5BB07A9B18E0FFD8007A7F50 /* Sources */,
				5BB07A9C18E0FFD8007A7F50 /* Frameworks */,
				5BB07A9D18E0FFD8007A7F50 /* Resources */,
			);
			buildRules = (
			);
			dependencies = (
			);
			name = FlurryIntegrationSample;
			productName = FlurryFlow;
			productReference = 5BB07A9F18E0FFD8007A7F50 /* FlurryIntegrationSample.app */;
			productType = "com.apple.product-type.application";
		};
/* End PBXNativeTarget section */

/* Begin PBXProject section */
		5BB07A9718E0FFD8007A7F50 /* Project object */ = {
			isa = PBXProject;
			attributes = {
				LastUpgradeCheck = 0510;
				ORGANIZATIONNAME = Flurry;
				TargetAttributes = {
					5BB07A9E18E0FFD8007A7F50 = {
						DevelopmentTeam = KH4D6257JQ;
						SystemCapabilities = {
							com.apple.InAppPurchase = {
								enabled = 0;
							};
						};
					};
				};
			};
			buildConfigurationList = 5BB07A9A18E0FFD8007A7F50 /* Build configuration list for PBXProject "FlurryIntegrationSample" */;
			compatibilityVersion = "Xcode 3.2";
			developmentRegion = English;
			hasScannedForEncodings = 0;
			knownRegions = (
				en,
				Base,
			);
			mainGroup = 5BB07A9618E0FFD8007A7F50;
			productRefGroup = 5BB07AA018E0FFD8007A7F50 /* Products */;
			projectDirPath = "";
			projectRoot = "";
			targets = (
				5BB07A9E18E0FFD8007A7F50 /* FlurryIntegrationSample */,
			);
		};
/* End PBXProject section */

/* Begin PBXResourcesBuildPhase section */
		5BB07A9D18E0FFD8007A7F50 /* Resources */ = {
			isa = PBXResourcesBuildPhase;
			buildActionMask = 2147483647;
			files = (
				5B74B7D01AD3A2DE003A5C05 /* Icon.png in Resources */,
				5B37B0561AD3A57B0087263F /* InfoPlist.strings in Resources */,
				5B74B7D11AD3A2DE003A5C05 /* Icon-80.png in Resources */,
				5B74B7371AD39342003A5C05 /* Main_iPad.storyboard in Resources */,
				5B74B7D51AD3A2DE003A5C05 /* Icon-72.png in Resources */,
				5B74B7CA1AD3A2DE003A5C05 /* share_icon@2x.png in Resources */,
				5B37B0781AD4F4C10087263F /* flurryicon.png in Resources */,
				24135A551B82852000B9F132 /* FlurryCardLandscapeCell.xib in Resources */,
				24135A501B82852000B9F132 /* CardCell.xib in Resources */,
				5B74B7341AD39342003A5C05 /* Images.xcassets in Resources */,
				5B37B06C1AD4F4C10087263F /* Default.png in Resources */,
				5B37B06F1AD4F4C10087263F /* flurry-demo-landscape-4s.png in Resources */,
				5B74B7C91AD3A2DE003A5C05 /* share_icon@3x.png in Resources */,
				5B74B7C81AD3A2DE003A5C05 /* starburst.png in Resources */,
				5B37B0761AD4F4C10087263F /* flurry-splash-portrait.png in Resources */,
				5B37B0771AD4F4C10087263F /* flurry-splash-portrait768.png in Resources */,
				5B74B7391AD39342003A5C05 /* BannerAdSpaceList.plist in Resources */,
				5B37B06E1AD4F4C10087263F /* Default~iphone.png in Resources */,
				5B74B7C51AD3A2DE003A5C05 /* StreamCell.xib in Resources */,
				5B74B7C71AD3A2DE003A5C05 /* starburst@2x.png in Resources */,
				5B37B0731AD4F4C10087263F /* flurry-splash-landscape.png in Resources */,
				5B37B06D1AD4F4C10087263F /* Default~ipad.png in Resources */,
				5B74B7D41AD3A2DE003A5C05 /* Icon-72@2x.png in Resources */,
				5B74B7311AD39342003A5C05 /* TakeoverAdSpaceList.plist in Resources */,
				5B37B0711AD4F4C10087263F /* flurry-demo768-1024.png in Resources */,
				24135A631B828B0400B9F132 /* GeminiDemoConfiguration.plist in Resources */,
				5B74B7D71AD3A2DE003A5C05 /* FlurryStreamCell.xib in Resources */,
				5B74B7CB1AD3A2DE003A5C05 /* share_icon.png in Resources */,
				5B74B7CD1AD3A2DE003A5C05 /* NewsDetailViewController.xib in Resources */,
				24135A511B82852000B9F132 /* CardLandscapeCell.xib in Resources */,
				5B74B7CF1AD3A2DE003A5C05 /* Icon@2x.png in Resources */,
				5B74B7321AD39342003A5C05 /* StreamAdSpaceList.plist in Resources */,
				5B74B7D31AD3A2DE003A5C05 /* Icon-76.png in Resources */,
				5B37B0721AD4F4C10087263F /* flurry-splash-landscape-4s.png in Resources */,
				5B74B7351AD39342003A5C05 /* FlurryIntegrationSample-Info.plist in Resources */,
				5B74B7D21AD3A2DE003A5C05 /* Icon-76@2x.png in Resources */,
				24135A541B82852000B9F132 /* FlurryCardCell.xib in Resources */,
				5B37B0741AD4F4C10087263F /* flurry-splash-landscape1024.png in Resources */,
				5B37B0751AD4F4C10087263F /* flurry-splash-portrait-4s.png in Resources */,
				5B37B0701AD4F4C10087263F /* flurry-demo-landscape.png in Resources */,
				5B74B7381AD39342003A5C05 /* Main_iPhone.storyboard in Resources */,
				5B37B06B1AD4F4C10087263F /* Default-568h@2x.png in Resources */,
				5B74B7D61AD3A2DE003A5C05 /* Icon-60@2x.png in Resources */,
			);
			runOnlyForDeploymentPostprocessing = 0;
		};
/* End PBXResourcesBuildPhase section */

/* Begin PBXSourcesBuildPhase section */
		5BB07A9B18E0FFD8007A7F50 /* Sources */ = {
			isa = PBXSourcesBuildPhase;
			buildActionMask = 2147483647;
			files = (
				5B74B7EF1AD3A30E003A5C05 /* AFURLConnectionOperation.m in Sources */,
				5B74B7331AD39342003A5C05 /* main.m in Sources */,
				5B74B7F41AD3A30E003A5C05 /* AFHTTPRequestOperation.m in Sources */,
				24135A521B82852000B9F132 /* CardTableViewController.m in Sources */,
				24135A531B82852000B9F132 /* FlurryCardCell.m in Sources */,
				5B74B7A31AD3A2B4003A5C05 /* MasterViewController.m in Sources */,
				5B74B7A41AD3A2B4003A5C05 /* BannerViewController.m in Sources */,
				24135A5B1B82865700B9F132 /* GeminiDemoConfiguration.m in Sources */,
				5B74B7F11AD3A30E003A5C05 /* AFNetworkActivityIndicatorManager.m in Sources */,
				5B74B7EE1AD3A30E003A5C05 /* AFXMLRequestOperation.m in Sources */,
				5B74B7F31AD3A30E003A5C05 /* AFImageRequestOperation.m in Sources */,
				5B74B7C61AD3A2DE003A5C05 /* StreamCell.m in Sources */,
				24135A581B82861900B9F132 /* SWRevealViewController.m in Sources */,
				5B74B7C31AD3A2DE003A5C05 /* Utils.m in Sources */,
				5B74B7D81AD3A2DE003A5C05 /* FlurryStreamCell.m in Sources */,
				5B74B7F01AD3A30E003A5C05 /* AFPropertyListRequestOperation.m in Sources */,
				5B74B7A21AD3A2B4003A5C05 /* TakeoverViewController.m in Sources */,
				5B74B7ED1AD3A30E003A5C05 /* UIImageView+AFNetworking.m in Sources */,
				5B74B7CE1AD3A2DE003A5C05 /* NewsDetailViewController.m in Sources */,
				24135A4F1B82852000B9F132 /* CardCell.m in Sources */,
				5B74B7F51AD3A30E003A5C05 /* AFHTTPClient.m in Sources */,
				5B74B7CC1AD3A2DE003A5C05 /* NewsItem.m in Sources */,
				5B74B7F21AD3A30E003A5C05 /* AFJSONRequestOperation.m in Sources */,
				5B74B7C41AD3A2DE003A5C05 /* StreamTableViewController.m in Sources */,
				5B74B7A51AD3A2B4003A5C05 /* AppDelegate.m in Sources */,
			);
			runOnlyForDeploymentPostprocessing = 0;
		};
/* End PBXSourcesBuildPhase section */

/* Begin PBXVariantGroup section */
		5B37B0541AD3A57B0087263F /* InfoPlist.strings */ = {
			isa = PBXVariantGroup;
			children = (
				5B37B0551AD3A57B0087263F /* en */,
			);
			name = InfoPlist.strings;
			sourceTree = "<group>";
		};
		5B74B72C1AD39342003A5C05 /* Main_iPad.storyboard */ = {
			isa = PBXVariantGroup;
			children = (
				5B74B72D1AD39342003A5C05 /* Base */,
			);
			name = Main_iPad.storyboard;
			path = FlurryFullscreenAndBannerIntegration/Base.lproj;
			sourceTree = "<group>";
		};
		5B74B72E1AD39342003A5C05 /* Main_iPhone.storyboard */ = {
			isa = PBXVariantGroup;
			children = (
				5B74B72F1AD39342003A5C05 /* Base */,
			);
			name = Main_iPhone.storyboard;
			path = FlurryFullscreenAndBannerIntegration/Base.lproj;
			sourceTree = "<group>";
		};
/* End PBXVariantGroup section */

/* Begin XCBuildConfiguration section */
		5BB07AD518E0FFD8007A7F50 /* Debug */ = {
			isa = XCBuildConfiguration;
			buildSettings = {
				ALWAYS_SEARCH_USER_PATHS = NO;
				CLANG_CXX_LANGUAGE_STANDARD = "gnu++0x";
				CLANG_CXX_LIBRARY = "libc++";
				CLANG_ENABLE_MODULES = YES;
				CLANG_ENABLE_OBJC_ARC = NO;
				CLANG_WARN_BOOL_CONVERSION = YES;
				CLANG_WARN_CONSTANT_CONVERSION = YES;
				CLANG_WARN_DIRECT_OBJC_ISA_USAGE = YES_ERROR;
				CLANG_WARN_EMPTY_BODY = YES;
				CLANG_WARN_ENUM_CONVERSION = YES;
				CLANG_WARN_INT_CONVERSION = YES;
				CLANG_WARN_OBJC_ROOT_CLASS = YES_ERROR;
				CLANG_WARN__DUPLICATE_METHOD_MATCH = YES;
				"CODE_SIGN_IDENTITY[sdk=iphoneos*]" = "iPhone Developer";
				COPY_PHASE_STRIP = NO;
				GCC_C_LANGUAGE_STANDARD = gnu99;
				GCC_DYNAMIC_NO_PIC = NO;
				GCC_OPTIMIZATION_LEVEL = 0;
				GCC_PREPROCESSOR_DEFINITIONS = (
					"DEBUG=1",
					"$(inherited)",
				);
				GCC_SYMBOLS_PRIVATE_EXTERN = NO;
				GCC_WARN_64_TO_32_BIT_CONVERSION = YES;
				GCC_WARN_ABOUT_RETURN_TYPE = YES_ERROR;
				GCC_WARN_UNDECLARED_SELECTOR = YES;
				GCC_WARN_UNINITIALIZED_AUTOS = YES_AGGRESSIVE;
				GCC_WARN_UNUSED_FUNCTION = YES;
				GCC_WARN_UNUSED_VARIABLE = YES;
				IPHONEOS_DEPLOYMENT_TARGET = 7.1;
				ONLY_ACTIVE_ARCH = YES;
				SDKROOT = iphoneos;
				TARGETED_DEVICE_FAMILY = "1,2";
			};
			name = Debug;
		};
		5BB07AD618E0FFD8007A7F50 /* Release */ = {
			isa = XCBuildConfiguration;
			buildSettings = {
				ALWAYS_SEARCH_USER_PATHS = NO;
				CLANG_CXX_LANGUAGE_STANDARD = "gnu++0x";
				CLANG_CXX_LIBRARY = "libc++";
				CLANG_ENABLE_MODULES = YES;
				CLANG_ENABLE_OBJC_ARC = NO;
				CLANG_WARN_BOOL_CONVERSION = YES;
				CLANG_WARN_CONSTANT_CONVERSION = YES;
				CLANG_WARN_DIRECT_OBJC_ISA_USAGE = YES_ERROR;
				CLANG_WARN_EMPTY_BODY = YES;
				CLANG_WARN_ENUM_CONVERSION = YES;
				CLANG_WARN_INT_CONVERSION = YES;
				CLANG_WARN_OBJC_ROOT_CLASS = YES_ERROR;
				CLANG_WARN__DUPLICATE_METHOD_MATCH = YES;
				"CODE_SIGN_IDENTITY[sdk=iphoneos*]" = "iPhone Developer";
				COPY_PHASE_STRIP = YES;
				ENABLE_NS_ASSERTIONS = NO;
				GCC_C_LANGUAGE_STANDARD = gnu99;
				GCC_WARN_64_TO_32_BIT_CONVERSION = YES;
				GCC_WARN_ABOUT_RETURN_TYPE = YES_ERROR;
				GCC_WARN_UNDECLARED_SELECTOR = YES;
				GCC_WARN_UNINITIALIZED_AUTOS = YES_AGGRESSIVE;
				GCC_WARN_UNUSED_FUNCTION = YES;
				GCC_WARN_UNUSED_VARIABLE = YES;
				IPHONEOS_DEPLOYMENT_TARGET = 7.1;
				SDKROOT = iphoneos;
				TARGETED_DEVICE_FAMILY = "1,2";
				VALIDATE_PRODUCT = YES;
			};
			name = Release;
		};
		5BB07AD818E0FFD8007A7F50 /* Debug */ = {
			isa = XCBuildConfiguration;
			buildSettings = {
				CLANG_ENABLE_OBJC_ARC = YES;
				CODE_SIGN_IDENTITY = "iPhone Developer";
				"CODE_SIGN_IDENTITY[sdk=iphoneos*]" = "iPhone Developer";
				GCC_PRECOMPILE_PREFIX_HEADER = YES;
				GCC_PREFIX_HEADER = "FlurryFullscreenAndBannerIntegration/FlurryIntegrationSample-Prefix.pch";
				INFOPLIST_FILE = "FlurryFullscreenAndBannerIntegration/FlurryIntegrationSample-Info.plist";
				IPHONEOS_DEPLOYMENT_TARGET = 8.0;
				LIBRARY_SEARCH_PATHS = (
					"$(inherited)",
					"$(PROJECT_DIR)/Flurry",
					"$(PROJECT_DIR)/FlurryAds",
				);
				PRODUCT_NAME = FlurryIntegrationSample;
				PROVISIONING_PROFILE = "";
				TARGETED_DEVICE_FAMILY = "1,2";
				VALID_ARCHS = "arm64 armv7 ";
				WRAPPER_EXTENSION = app;
			};
			name = Debug;
		};
		5BB07AD918E0FFD8007A7F50 /* Release */ = {
			isa = XCBuildConfiguration;
			buildSettings = {
				CLANG_ENABLE_OBJC_ARC = YES;
				CODE_SIGN_IDENTITY = "iPhone Developer";
				"CODE_SIGN_IDENTITY[sdk=iphoneos*]" = "iPhone Developer";
				GCC_PRECOMPILE_PREFIX_HEADER = YES;
				GCC_PREFIX_HEADER = "FlurryFullscreenAndBannerIntegration/FlurryIntegrationSample-Prefix.pch";
				INFOPLIST_FILE = "FlurryFullscreenAndBannerIntegration/FlurryIntegrationSample-Info.plist";
				IPHONEOS_DEPLOYMENT_TARGET = 8.0;
				LIBRARY_SEARCH_PATHS = (
					"$(inherited)",
					"$(PROJECT_DIR)/Flurry",
					"$(PROJECT_DIR)/FlurryAds",
				);
				ONLY_ACTIVE_ARCH = YES;
				PRODUCT_NAME = FlurryIntegrationSample;
				PROVISIONING_PROFILE = "";
				TARGETED_DEVICE_FAMILY = "1,2";
				VALID_ARCHS = "arm64 armv7 ";
				WRAPPER_EXTENSION = app;
			};
			name = Release;
		};
/* End XCBuildConfiguration section */

/* Begin XCConfigurationList section */
		5BB07A9A18E0FFD8007A7F50 /* Build configuration list for PBXProject "FlurryIntegrationSample" */ = {
			isa = XCConfigurationList;
			buildConfigurations = (
				5BB07AD518E0FFD8007A7F50 /* Debug */,
				5BB07AD618E0FFD8007A7F50 /* Release */,
			);
			defaultConfigurationIsVisible = 0;
			defaultConfigurationName = Release;
		};
		5BB07AD718E0FFD8007A7F50 /* Build configuration list for PBXNativeTarget "FlurryIntegrationSample" */ = {
			isa = XCConfigurationList;
			buildConfigurations = (
				5BB07AD818E0FFD8007A7F50 /* Debug */,
				5BB07AD918E0FFD8007A7F50 /* Release */,
			);
			defaultConfigurationIsVisible = 0;
			defaultConfigurationName = Release;
		};
/* End XCConfigurationList section */
	};
	rootObject = 5BB07A9718E0FFD8007A7F50 /* Project object */;
}
